
Microsoft Visual Studio Solution File, Format Version 12.00
# Visual Studio Version 17
VisualStudioVersion = 17.6.33801.468
MinimumVisualStudioVersion = 10.0.40219.1
Project("{FAE04EC0-301F-11D3-BF4B-00C04F79EFBC}") = "EscritorioABC", "EscritorioABC\EscritorioABC.csproj", "{B27A4984-DA3F-4AB6-8DA6-37A8345A62A2}"
EndProject
Global
	GlobalSection(SolutionConfigurationPlatforms) = preSolution
		Debug|Any CPU = Debug|Any CPU
		Release|Any CPU = Release|Any CPU
	EndGlobalSection
	GlobalSection(ProjectConfigurationPlatforms) = postSolution
		{B27A4984-DA3F-4AB6-8DA6-37A8345A62A2}.Debug|Any CPU.ActiveCfg = Debug|Any CPU
		{B27A4984-DA3F-4AB6-8DA6-37A8345A62A2}.Debug|Any CPU.Build.0 = Debug|Any CPU
		{B27A4984-DA3F-4AB6-8DA6-37A8345A62A2}.Release|Any CPU.ActiveCfg = Release|Any CPU
		{B27A4984-DA3F-4AB6-8DA6-37A8345A62A2}.Release|Any CPU.Build.0 = Release|Any CPU
	EndGlobalSection
	GlobalSection(SolutionProperties) = preSolution
		HideSolutionNode = FALSE
	EndGlobalSection
	GlobalSection(ExtensibilityGlobals) = postSolution
		SolutionGuid = {F6EEF155-C3F4-42C5-AEA4-127F6DD927F2}
	EndGlobalSection
EndGlobal
